// !$*UTF8*$!
{
	archiveVersion = 1;
	classes = {
	};
	objectVersion = 70;
	objects = {

/* Begin PBXBuildFile section */
		06958EF72CB9E94300895527 /* CoreData.swift in Sources */ = {isa = PBXBuildFile; fileRef = 06958EE02CB9E94300895527 /* CoreData.swift */; };
		06958EF82CB9E94300895527 /* Book.swift in Sources */ = {isa = PBXBuildFile; fileRef = 06958EE22CB9E94300895527 /* Book.swift */; };
		06958EF92CB9E94300895527 /* APIService.swift in Sources */ = {isa = PBXBuildFile; fileRef = 06958EE42CB9E94300895527 /* APIService.swift */; };
		06958EFA2CB9E94300895527 /* BookViewModel.swift in Sources */ = {isa = PBXBuildFile; fileRef = 06958EE62CB9E94300895527 /* BookViewModel.swift */; };
		06958EFC2CB9E94300895527 /* DetailsViewController.swift in Sources */ = {isa = PBXBuildFile; fileRef = 06958EE92CB9E94300895527 /* DetailsViewController.swift */; };
		06958EFD2CB9E94300895527 /* MainViewController.swift in Sources */ = {isa = PBXBuildFile; fileRef = 06958EEA2CB9E94300895527 /* MainViewController.swift */; };
		06958EFE2CB9E94300895527 /* AppDelegate.swift in Sources */ = {isa = PBXBuildFile; fileRef = 06958EEC2CB9E94300895527 /* AppDelegate.swift */; };
		06958EFF2CB9E94300895527 /* Books_iOS.xcdatamodeld in Sources */ = {isa = PBXBuildFile; fileRef = 06958EEE2CB9E94300895527 /* Books_iOS.xcdatamodeld */; };
		06958F002CB9E94300895527 /* SceneDelegate.swift in Sources */ = {isa = PBXBuildFile; fileRef = 06958EF42CB9E94300895527 /* SceneDelegate.swift */; };
		06958F012CB9E94300895527 /* Assets.xcassets in Resources */ = {isa = PBXBuildFile; fileRef = 06958EED2CB9E94300895527 /* Assets.xcassets */; };
		06958F032CB9E94300895527 /* LaunchScreen.storyboard in Resources */ = {isa = PBXBuildFile; fileRef = 06958EF12CB9E94300895527 /* LaunchScreen.storyboard */; };
		06958F042CB9E94300895527 /* Main.storyboard in Resources */ = {isa = PBXBuildFile; fileRef = 06958EF32CB9E94300895527 /* Main.storyboard */; };
		06958F062CBA915700895527 /* MyLibraryViewController.swift in Sources */ = {isa = PBXBuildFile; fileRef = 06958F052CBA915700895527 /* MyLibraryViewController.swift */; };
		06958F082CBA92D100895527 /* MyLibraryViewModel.swift in Sources */ = {isa = PBXBuildFile; fileRef = 06958F072CBA92C600895527 /* MyLibraryViewModel.swift */; };
		06958F0D2CBAC2BF00895527 /* Constants.swift in Sources */ = {isa = PBXBuildFile; fileRef = 06958F0C2CBAC2BB00895527 /* Constants.swift */; };
		06AEEFEE2CBE8CE600E6C2A7 /* Extentions.swift in Sources */ = {isa = PBXBuildFile; fileRef = 06AEEFED2CBE8CE200E6C2A7 /* Extentions.swift */; };
		06AEEFF02CBE8DDA00E6C2A7 /* SearchViewModel.swift in Sources */ = {isa = PBXBuildFile; fileRef = 06AEEFEF2CBE8DD300E6C2A7 /* SearchViewModel.swift */; };
		06AEEFF22CBE966900E6C2A7 /* SearchViewController.swift in Sources */ = {isa = PBXBuildFile; fileRef = 06AEEFF12CBE966900E6C2A7 /* SearchViewController.swift */; };
		06AEEFFD2CBE9A4300E6C2A7 /* BaseViewController.swift in Sources */ = {isa = PBXBuildFile; fileRef = 06AEEFFC2CBE9A4300E6C2A7 /* BaseViewController.swift */; };
		06AEF0032CBEC19C00E6C2A7 /* PDFViewController.swift in Sources */ = {isa = PBXBuildFile; fileRef = 06AEF0022CBEC19C00E6C2A7 /* PDFViewController.swift */; };
		A6C031351B1E0A34A948397A /* Pods_Books_iOS.framework in Frameworks */ = {isa = PBXBuildFile; fileRef = C01CB6E4A9C00F099FB32D85 /* Pods_Books_iOS.framework */; };
/* End PBXBuildFile section */

/* Begin PBXContainerItemProxy section */
		06958F182CBAD7C900895527 /* PBXContainerItemProxy */ = {
			isa = PBXContainerItemProxy;
			containerPortal = 06BD0BFE2CB937070083540E /* Project object */;
			proxyType = 1;
			remoteGlobalIDString = 06BD0C052CB937070083540E;
			remoteInfo = "Books-iOS";
		};
/* End PBXContainerItemProxy section */

/* Begin PBXFileReference section */
		06958EE02CB9E94300895527 /* CoreData.swift */ = {isa = PBXFileReference; lastKnownFileType = sourcecode.swift; path = CoreData.swift; sourceTree = "<group>"; };
		06958EE22CB9E94300895527 /* Book.swift */ = {isa = PBXFileReference; lastKnownFileType = sourcecode.swift; path = Book.swift; sourceTree = "<group>"; };
		06958EE42CB9E94300895527 /* APIService.swift */ = {isa = PBXFileReference; lastKnownFileType = sourcecode.swift; path = APIService.swift; sourceTree = "<group>"; };
		06958EE62CB9E94300895527 /* BookViewModel.swift */ = {isa = PBXFileReference; lastKnownFileType = sourcecode.swift; path = BookViewModel.swift; sourceTree = "<group>"; };
		06958EE92CB9E94300895527 /* DetailsViewController.swift */ = {isa = PBXFileReference; lastKnownFileType = sourcecode.swift; path = DetailsViewController.swift; sourceTree = "<group>"; };
		06958EEA2CB9E94300895527 /* MainViewController.swift */ = {isa = PBXFileReference; lastKnownFileType = sourcecode.swift; path = MainViewController.swift; sourceTree = "<group>"; };
		06958EEC2CB9E94300895527 /* AppDelegate.swift */ = {isa = PBXFileReference; lastKnownFileType = sourcecode.swift; path = AppDelegate.swift; sourceTree = "<group>"; };
		06958EED2CB9E94300895527 /* Assets.xcassets */ = {isa = PBXFileReference; lastKnownFileType = folder.assetcatalog; path = Assets.xcassets; sourceTree = "<group>"; };
		06958EEF2CB9E94300895527 /* Info.plist */ = {isa = PBXFileReference; lastKnownFileType = text.plist.xml; path = Info.plist; sourceTree = "<group>"; };
		06958EF02CB9E94300895527 /* Base */ = {isa = PBXFileReference; lastKnownFileType = file.storyboard; name = Base; path = Base.lproj/LaunchScreen.storyboard; sourceTree = "<group>"; };
		06958EF22CB9E94300895527 /* Base */ = {isa = PBXFileReference; lastKnownFileType = file.storyboard; name = Base; path = Base.lproj/Main.storyboard; sourceTree = "<group>"; };
		06958EF42CB9E94300895527 /* SceneDelegate.swift */ = {isa = PBXFileReference; lastKnownFileType = sourcecode.swift; path = SceneDelegate.swift; sourceTree = "<group>"; };
		06958EF62CB9E94300895527 /* Books_iOS.xcdatamodel */ = {isa = PBXFileReference; lastKnownFileType = wrapper.xcdatamodel; path = Books_iOS.xcdatamodel; sourceTree = "<group>"; };
		06958F052CBA915700895527 /* MyLibraryViewController.swift */ = {isa = PBXFileReference; lastKnownFileType = sourcecode.swift; path = MyLibraryViewController.swift; sourceTree = "<group>"; };
		06958F072CBA92C600895527 /* MyLibraryViewModel.swift */ = {isa = PBXFileReference; lastKnownFileType = sourcecode.swift; path = MyLibraryViewModel.swift; sourceTree = "<group>"; };
		06958F0C2CBAC2BB00895527 /* Constants.swift */ = {isa = PBXFileReference; lastKnownFileType = sourcecode.swift; path = Constants.swift; sourceTree = "<group>"; };
		06958F142CBAD7C900895527 /* Books-iOSTests.xctest */ = {isa = PBXFileReference; explicitFileType = wrapper.cfbundle; includeInIndex = 0; path = "Books-iOSTests.xctest"; sourceTree = BUILT_PRODUCTS_DIR; };
		06AEEFED2CBE8CE200E6C2A7 /* Extentions.swift */ = {isa = PBXFileReference; lastKnownFileType = sourcecode.swift; path = Extentions.swift; sourceTree = "<group>"; };
		06AEEFEF2CBE8DD300E6C2A7 /* SearchViewModel.swift */ = {isa = PBXFileReference; lastKnownFileType = sourcecode.swift; path = SearchViewModel.swift; sourceTree = "<group>"; };
		06AEEFF12CBE966900E6C2A7 /* SearchViewController.swift */ = {isa = PBXFileReference; lastKnownFileType = sourcecode.swift; path = SearchViewController.swift; sourceTree = "<group>"; };
		06AEEFFC2CBE9A4300E6C2A7 /* BaseViewController.swift */ = {isa = PBXFileReference; lastKnownFileType = sourcecode.swift; path = BaseViewController.swift; sourceTree = "<group>"; };
		06AEF0022CBEC19C00E6C2A7 /* PDFViewController.swift */ = {isa = PBXFileReference; lastKnownFileType = sourcecode.swift; path = PDFViewController.swift; sourceTree = "<group>"; };
		06BD0C062CB937070083540E /* Books-iOS.app */ = {isa = PBXFileReference; explicitFileType = wrapper.application; includeInIndex = 0; path = "Books-iOS.app"; sourceTree = BUILT_PRODUCTS_DIR; };
		0826AAE7DCD0A38EC20DDB80 /* Pods-Books-iOS.release.xcconfig */ = {isa = PBXFileReference; includeInIndex = 1; lastKnownFileType = text.xcconfig; name = "Pods-Books-iOS.release.xcconfig"; path = "Target Support Files/Pods-Books-iOS/Pods-Books-iOS.release.xcconfig"; sourceTree = "<group>"; };
		7FBE2EE769C56E7A8336435A /* Pods-Books-iOS.debug.xcconfig */ = {isa = PBXFileReference; includeInIndex = 1; lastKnownFileType = text.xcconfig; name = "Pods-Books-iOS.debug.xcconfig"; path = "Target Support Files/Pods-Books-iOS/Pods-Books-iOS.debug.xcconfig"; sourceTree = "<group>"; };
		C01CB6E4A9C00F099FB32D85 /* Pods_Books_iOS.framework */ = {isa = PBXFileReference; explicitFileType = wrapper.framework; includeInIndex = 0; path = Pods_Books_iOS.framework; sourceTree = BUILT_PRODUCTS_DIR; };
/* End PBXFileReference section */

/* Begin PBXFileSystemSynchronizedRootGroup section */
		06958F152CBAD7C900895527 /* Books-iOSTests */ = {isa = PBXFileSystemSynchronizedRootGroup; explicitFileTypes = {}; explicitFolders = (); path = "Books-iOSTests"; sourceTree = "<group>"; };
		06AEEFF32CBE967300E6C2A7 /* Cells */ = {isa = PBXFileSystemSynchronizedRootGroup; explicitFileTypes = {}; explicitFolders = (); path = Cells; sourceTree = "<group>"; };
/* End PBXFileSystemSynchronizedRootGroup section */

/* Begin PBXFrameworksBuildPhase section */
		06958F112CBAD7C900895527 /* Frameworks */ = {
			isa = PBXFrameworksBuildPhase;
			buildActionMask = 2147483647;
			files = (
			);
			runOnlyForDeploymentPostprocessing = 0;
		};
		06BD0C032CB937070083540E /* Frameworks */ = {
			isa = PBXFrameworksBuildPhase;
			buildActionMask = 2147483647;
			files = (
				A6C031351B1E0A34A948397A /* Pods_Books_iOS.framework in Frameworks */,
			);
			runOnlyForDeploymentPostprocessing = 0;
		};
/* End PBXFrameworksBuildPhase section */

/* Begin PBXGroup section */
		06958EE12CB9E94300895527 /* DB */ = {
			isa = PBXGroup;
			children = (
				06958EE02CB9E94300895527 /* CoreData.swift */,
			);
			path = DB;
			sourceTree = "<group>";
		};
		06958EE32CB9E94300895527 /* Models */ = {
			isa = PBXGroup;
			children = (
				06958EE22CB9E94300895527 /* Book.swift */,
			);
			path = Models;
			sourceTree = "<group>";
		};
		06958EE52CB9E94300895527 /* Network */ = {
			isa = PBXGroup;
			children = (
				06958EE42CB9E94300895527 /* APIService.swift */,
			);
			path = Network;
			sourceTree = "<group>";
		};
		06958EE72CB9E94300895527 /* ViewModel */ = {
			isa = PBXGroup;
			children = (
				06AEEFEF2CBE8DD300E6C2A7 /* SearchViewModel.swift */,
				06958F072CBA92C600895527 /* MyLibraryViewModel.swift */,
				06958EE62CB9E94300895527 /* BookViewModel.swift */,
			);
			path = ViewModel;
			sourceTree = "<group>";
		};
		06958EEB2CB9E94300895527 /* Views */ = {
			isa = PBXGroup;
			children = (
				06AEEFF32CBE967300E6C2A7 /* Cells */,
				06958EE92CB9E94300895527 /* DetailsViewController.swift */,
				06958EEA2CB9E94300895527 /* MainViewController.swift */,
				06958F052CBA915700895527 /* MyLibraryViewController.swift */,
				06AEEFF12CBE966900E6C2A7 /* SearchViewController.swift */,
				06AEEFFC2CBE9A4300E6C2A7 /* BaseViewController.swift */,
				06AEF0022CBEC19C00E6C2A7 /* PDFViewController.swift */,
			);
			path = Views;
			sourceTree = "<group>";
		};
		06958EF52CB9E94300895527 /* Books-iOS */ = {
			isa = PBXGroup;
			children = (
				06958F0B2CBAC2AB00895527 /* Helpers */,
				06958EE12CB9E94300895527 /* DB */,
				06958EE32CB9E94300895527 /* Models */,
				06958EE52CB9E94300895527 /* Network */,
				06958EE72CB9E94300895527 /* ViewModel */,
				06958EEB2CB9E94300895527 /* Views */,
				06958EEC2CB9E94300895527 /* AppDelegate.swift */,
				06958EED2CB9E94300895527 /* Assets.xcassets */,
				06958EEE2CB9E94300895527 /* Books_iOS.xcdatamodeld */,
				06958EEF2CB9E94300895527 /* Info.plist */,
				06958EF12CB9E94300895527 /* LaunchScreen.storyboard */,
				06958EF32CB9E94300895527 /* Main.storyboard */,
				06958EF42CB9E94300895527 /* SceneDelegate.swift */,
			);
			path = "Books-iOS";
			sourceTree = "<group>";
		};
		06958F0B2CBAC2AB00895527 /* Helpers */ = {
			isa = PBXGroup;
			children = (
				06AEEFED2CBE8CE200E6C2A7 /* Extentions.swift */,
				06958F0C2CBAC2BB00895527 /* Constants.swift */,
			);
			path = Helpers;
			sourceTree = "<group>";
		};
		06BD0BFD2CB937070083540E = {
			isa = PBXGroup;
			children = (
				06958EF52CB9E94300895527 /* Books-iOS */,
				06958F152CBAD7C900895527 /* Books-iOSTests */,
				06BD0C072CB937070083540E /* Products */,
				20B593BEF016ABBE285CA12E /* Pods */,
				270649C1C04D59215225D63A /* Frameworks */,
			);
			sourceTree = "<group>";
		};
		06BD0C072CB937070083540E /* Products */ = {
			isa = PBXGroup;
			children = (
				06BD0C062CB937070083540E /* Books-iOS.app */,
				06958F142CBAD7C900895527 /* Books-iOSTests.xctest */,
			);
			name = Products;
			sourceTree = "<group>";
		};
		20B593BEF016ABBE285CA12E /* Pods */ = {
			isa = PBXGroup;
			children = (
				7FBE2EE769C56E7A8336435A /* Pods-Books-iOS.debug.xcconfig */,
				0826AAE7DCD0A38EC20DDB80 /* Pods-Books-iOS.release.xcconfig */,
			);
			path = Pods;
			sourceTree = "<group>";
		};
		270649C1C04D59215225D63A /* Frameworks */ = {
			isa = PBXGroup;
			children = (
				C01CB6E4A9C00F099FB32D85 /* Pods_Books_iOS.framework */,
			);
			name = Frameworks;
			sourceTree = "<group>";
		};
/* End PBXGroup section */

/* Begin PBXNativeTarget section */
		06958F132CBAD7C900895527 /* Books-iOSTests */ = {
			isa = PBXNativeTarget;
			buildConfigurationList = 06958F1A2CBAD7C900895527 /* Build configuration list for PBXNativeTarget "Books-iOSTests" */;
			buildPhases = (
				06958F102CBAD7C900895527 /* Sources */,
				06958F112CBAD7C900895527 /* Frameworks */,
				06958F122CBAD7C900895527 /* Resources */,
			);
			buildRules = (
			);
			dependencies = (
				06958F192CBAD7C900895527 /* PBXTargetDependency */,
			);
			fileSystemSynchronizedGroups = (
				06958F152CBAD7C900895527 /* Books-iOSTests */,
			);
			name = "Books-iOSTests";
			packageProductDependencies = (
			);
			productName = "Books-iOSTests";
			productReference = 06958F142CBAD7C900895527 /* Books-iOSTests.xctest */;
			productType = "com.apple.product-type.bundle.unit-test";
		};
		06BD0C052CB937070083540E /* Books-iOS */ = {
			isa = PBXNativeTarget;
			buildConfigurationList = 06BD0C1C2CB937090083540E /* Build configuration list for PBXNativeTarget "Books-iOS" */;
			buildPhases = (
				9D1E1175F84A8C0336A4872B /* [CP] Check Pods Manifest.lock */,
				06BD0C022CB937070083540E /* Sources */,
				06BD0C032CB937070083540E /* Frameworks */,
				06BD0C042CB937070083540E /* Resources */,
				771F5D2F319D90B57AD1CE2F /* [CP] Embed Pods Frameworks */,
			);
			buildRules = (
			);
			dependencies = (
			);
			fileSystemSynchronizedGroups = (
				06AEEFF32CBE967300E6C2A7 /* Cells */,
			);
			name = "Books-iOS";
			productName = "Books-iOS";
			productReference = 06BD0C062CB937070083540E /* Books-iOS.app */;
			productType = "com.apple.product-type.application";
		};
/* End PBXNativeTarget section */

/* Begin PBXProject section */
		06BD0BFE2CB937070083540E /* Project object */ = {
			isa = PBXProject;
			attributes = {
				BuildIndependentTargetsInParallel = 1;
				LastSwiftUpdateCheck = 1600;
				LastUpgradeCheck = 1600;
				TargetAttributes = {
					06958F132CBAD7C900895527 = {
						CreatedOnToolsVersion = 16.0;
						TestTargetID = 06BD0C052CB937070083540E;
					};
					06BD0C052CB937070083540E = {
						CreatedOnToolsVersion = 16.0;
					};
				};
			};
			buildConfigurationList = 06BD0C012CB937070083540E /* Build configuration list for PBXProject "Books-iOS" */;
			compatibilityVersion = "Xcode 14.0";
			developmentRegion = en;
			hasScannedForEncodings = 0;
			knownRegions = (
				en,
				Base,
			);
			mainGroup = 06BD0BFD2CB937070083540E;
			productRefGroup = 06BD0C072CB937070083540E /* Products */;
			projectDirPath = "";
			projectRoot = "";
			targets = (
				06BD0C052CB937070083540E /* Books-iOS */,
				06958F132CBAD7C900895527 /* Books-iOSTests */,
			);
		};
/* End PBXProject section */

/* Begin PBXResourcesBuildPhase section */
		06958F122CBAD7C900895527 /* Resources */ = {
			isa = PBXResourcesBuildPhase;
			buildActionMask = 2147483647;
			files = (
			);
			runOnlyForDeploymentPostprocessing = 0;
		};
		06BD0C042CB937070083540E /* Resources */ = {
			isa = PBXResourcesBuildPhase;
			buildActionMask = 2147483647;
			files = (
				06958F012CB9E94300895527 /* Assets.xcassets in Resources */,
				06958F032CB9E94300895527 /* LaunchScreen.storyboard in Resources */,
				06958F042CB9E94300895527 /* Main.storyboard in Resources */,
			);
			runOnlyForDeploymentPostprocessing = 0;
		};
/* End PBXResourcesBuildPhase section */

/* Begin PBXShellScriptBuildPhase section */
		771F5D2F319D90B57AD1CE2F /* [CP] Embed Pods Frameworks */ = {
			isa = PBXShellScriptBuildPhase;
			buildActionMask = 2147483647;
			files = (
			);
			inputFileListPaths = (
				"${PODS_ROOT}/Target Support Files/Pods-Books-iOS/Pods-Books-iOS-frameworks-${CONFIGURATION}-input-files.xcfilelist",
			);
			name = "[CP] Embed Pods Frameworks";
			outputFileListPaths = (
				"${PODS_ROOT}/Target Support Files/Pods-Books-iOS/Pods-Books-iOS-frameworks-${CONFIGURATION}-output-files.xcfilelist",
			);
			runOnlyForDeploymentPostprocessing = 0;
			shellPath = /bin/sh;
			shellScript = "\"${PODS_ROOT}/Target Support Files/Pods-Books-iOS/Pods-Books-iOS-frameworks.sh\"\n";
			showEnvVarsInLog = 0;
		};
		9D1E1175F84A8C0336A4872B /* [CP] Check Pods Manifest.lock */ = {
			isa = PBXShellScriptBuildPhase;
			buildActionMask = 2147483647;
			files = (
			);
			inputFileListPaths = (
			);
			inputPaths = (
				"${PODS_PODFILE_DIR_PATH}/Podfile.lock",
				"${PODS_ROOT}/Manifest.lock",
			);
			name = "[CP] Check Pods Manifest.lock";
			outputFileListPaths = (
			);
			outputPaths = (
				"$(DERIVED_FILE_DIR)/Pods-Books-iOS-checkManifestLockResult.txt",
			);
			runOnlyForDeploymentPostprocessing = 0;
			shellPath = /bin/sh;
			shellScript = "diff \"${PODS_PODFILE_DIR_PATH}/Podfile.lock\" \"${PODS_ROOT}/Manifest.lock\" > /dev/null\nif [ $? != 0 ] ; then\n    # print error to STDERR\n    echo \"error: The sandbox is not in sync with the Podfile.lock. Run 'pod install' or update your CocoaPods installation.\" >&2\n    exit 1\nfi\n# This output is used by Xcode 'outputs' to avoid re-running this script phase.\necho \"SUCCESS\" > \"${SCRIPT_OUTPUT_FILE_0}\"\n";
			showEnvVarsInLog = 0;
		};
/* End PBXShellScriptBuildPhase section */

/* Begin PBXSourcesBuildPhase section */
		06958F102CBAD7C900895527 /* Sources */ = {
			isa = PBXSourcesBuildPhase;
			buildActionMask = 2147483647;
			files = (
			);
			runOnlyForDeploymentPostprocessing = 0;
		};
		06BD0C022CB937070083540E /* Sources */ = {
			isa = PBXSourcesBuildPhase;
			buildActionMask = 2147483647;
			files = (
				06958EF72CB9E94300895527 /* CoreData.swift in Sources */,
				06958EF82CB9E94300895527 /* Book.swift in Sources */,
				06958EF92CB9E94300895527 /* APIService.swift in Sources */,
				06AEEFFD2CBE9A4300E6C2A7 /* BaseViewController.swift in Sources */,
				06958EFA2CB9E94300895527 /* BookViewModel.swift in Sources */,
				06958EFC2CB9E94300895527 /* DetailsViewController.swift in Sources */,
				06AEEFF02CBE8DDA00E6C2A7 /* SearchViewModel.swift in Sources */,
				06AEEFF22CBE966900E6C2A7 /* SearchViewController.swift in Sources */,
				06AEEFEE2CBE8CE600E6C2A7 /* Extentions.swift in Sources */,
				06958F082CBA92D100895527 /* MyLibraryViewModel.swift in Sources */,
				06958F0D2CBAC2BF00895527 /* Constants.swift in Sources */,
				06958EFD2CB9E94300895527 /* MainViewController.swift in Sources */,
				06AEF0032CBEC19C00E6C2A7 /* PDFViewController.swift in Sources */,
				06958EFE2CB9E94300895527 /* AppDelegate.swift in Sources */,
				06958F062CBA915700895527 /* MyLibraryViewController.swift in Sources */,
				06958EFF2CB9E94300895527 /* Books_iOS.xcdatamodeld in Sources */,
				06958F002CB9E94300895527 /* SceneDelegate.swift in Sources */,
			);
			runOnlyForDeploymentPostprocessing = 0;
		};
/* End PBXSourcesBuildPhase section */

/* Begin PBXTargetDependency section */
		06958F192CBAD7C900895527 /* PBXTargetDependency */ = {
			isa = PBXTargetDependency;
			target = 06BD0C052CB937070083540E /* Books-iOS */;
			targetProxy = 06958F182CBAD7C900895527 /* PBXContainerItemProxy */;
		};
/* End PBXTargetDependency section */

/* Begin PBXVariantGroup section */
		06958EF12CB9E94300895527 /* LaunchScreen.storyboard */ = {
			isa = PBXVariantGroup;
			children = (
				06958EF02CB9E94300895527 /* Base */,
			);
			name = LaunchScreen.storyboard;
			sourceTree = "<group>";
		};
		06958EF32CB9E94300895527 /* Main.storyboard */ = {
			isa = PBXVariantGroup;
			children = (
				06958EF22CB9E94300895527 /* Base */,
			);
			name = Main.storyboard;
			sourceTree = "<group>";
		};
/* End PBXVariantGroup section */

/* Begin XCBuildConfiguration section */
		06958F1B2CBAD7C900895527 /* Debug */ = {
			isa = XCBuildConfiguration;
			buildSettings = {
				BUNDLE_LOADER = "$(TEST_HOST)";
				CODE_SIGN_STYLE = Automatic;
				CURRENT_PROJECT_VERSION = 1;
				DEVELOPMENT_TEAM = 4K3HJN7A8X;
				GENERATE_INFOPLIST_FILE = YES;
				MARKETING_VERSION = 1.0;
				PRODUCT_BUNDLE_IDENTIFIER = "olegTen.dev.Books-iOSTests";
				PRODUCT_NAME = "$(TARGET_NAME)";
				SWIFT_EMIT_LOC_STRINGS = NO;
				SWIFT_VERSION = 5.0;
				TARGETED_DEVICE_FAMILY = "1,2";
				TEST_HOST = "$(BUILT_PRODUCTS_DIR)/Books-iOS.app/$(BUNDLE_EXECUTABLE_FOLDER_PATH)/Books-iOS";
			};
			name = Debug;
		};
		06958F1C2CBAD7C900895527 /* Release */ = {
			isa = XCBuildConfiguration;
			buildSettings = {
				BUNDLE_LOADER = "$(TEST_HOST)";
				CODE_SIGN_STYLE = Automatic;
				CURRENT_PROJECT_VERSION = 1;
				DEVELOPMENT_TEAM = 4K3HJN7A8X;
				GENERATE_INFOPLIST_FILE = YES;
				MARKETING_VERSION = 1.0;
				PRODUCT_BUNDLE_IDENTIFIER = "olegTen.dev.Books-iOSTests";
				PRODUCT_NAME = "$(TARGET_NAME)";
				SWIFT_EMIT_LOC_STRINGS = NO;
				SWIFT_VERSION = 5.0;
				TARGETED_DEVICE_FAMILY = "1,2";
				TEST_HOST = "$(BUILT_PRODUCTS_DIR)/Books-iOS.app/$(BUNDLE_EXECUTABLE_FOLDER_PATH)/Books-iOS";
			};
			name = Release;
		};
		06BD0C1D2CB937090083540E /* Debug */ = {
			isa = XCBuildConfiguration;
			baseConfigurationReference = 7FBE2EE769C56E7A8336435A /* Pods-Books-iOS.debug.xcconfig */;
			buildSettings = {
				ASSETCATALOG_COMPILER_APPICON_NAME = AppIcon;
				ASSETCATALOG_COMPILER_GLOBAL_ACCENT_COLOR_NAME = AccentColor;
				CODE_SIGN_STYLE = Automatic;
				CURRENT_PROJECT_VERSION = 1;
				DEVELOPMENT_TEAM = 4K3HJN7A8X;
				ENABLE_USER_SCRIPT_SANDBOXING = NO;
				GENERATE_INFOPLIST_FILE = YES;
				INFOPLIST_FILE = "Books-iOS/Info.plist";
				INFOPLIST_KEY_UIApplicationSupportsIndirectInputEvents = YES;
				INFOPLIST_KEY_UILaunchStoryboardName = LaunchScreen;
				INFOPLIST_KEY_UIMainStoryboardFile = Main;
				INFOPLIST_KEY_UISupportedInterfaceOrientations = UIInterfaceOrientationPortrait;
				LD_RUNPATH_SEARCH_PATHS = (
					"$(inherited)",
					"@executable_path/Frameworks",
				);
				MARKETING_VERSION = 1.0;
				PRODUCT_BUNDLE_IDENTIFIER = "olegTen.dev.Books-iOS";
				PRODUCT_NAME = "$(TARGET_NAME)";
				SWIFT_EMIT_LOC_STRINGS = YES;
				SWIFT_VERSION = 5.0;
				TARGETED_DEVICE_FAMILY = "1,2";
			};
			name = Debug;
		};
		06BD0C1E2CB937090083540E /* Release */ = {
			isa = XCBuildConfiguration;
			baseConfigurationReference = 0826AAE7DCD0A38EC20DDB80 /* Pods-Books-iOS.release.xcconfig */;
			buildSettings = {
				ASSETCATALOG_COMPILER_APPICON_NAME = AppIcon;
				ASSETCATALOG_COMPILER_GLOBAL_ACCENT_COLOR_NAME = AccentColor;
				CODE_SIGN_STYLE = Automatic;
				CURRENT_PROJECT_VERSION = 1;
				DEVELOPMENT_TEAM = 4K3HJN7A8X;
				ENABLE_USER_SCRIPT_SANDBOXING = NO;
				GENERATE_INFOPLIST_FILE = YES;
				INFOPLIST_FILE = "Books-iOS/Info.plist";
				INFOPLIST_KEY_UIApplicationSupportsIndirectInputEvents = YES;
				INFOPLIST_KEY_UILaunchStoryboardName = LaunchScreen;
				INFOPLIST_KEY_UIMainStoryboardFile = Main;
				INFOPLIST_KEY_UISupportedInterfaceOrientations = UIInterfaceOrientationPortrait;
				LD_RUNPATH_SEARCH_PATHS = (
					"$(inherited)",
					"@executable_path/Frameworks",
				);
				MARKETING_VERSION = 1.0;
				PRODUCT_BUNDLE_IDENTIFIER = "olegTen.dev.Books-iOS";
				PRODUCT_NAME = "$(TARGET_NAME)";
				SWIFT_EMIT_LOC_STRINGS = YES;
				SWIFT_VERSION = 5.0;
				TARGETED_DEVICE_FAMILY = "1,2";
			};
			name = Release;
		};
		06BD0C1F2CB937090083540E /* Debug */ = {
			isa = XCBuildConfiguration;
			buildSettings = {
				ALWAYS_SEARCH_USER_PATHS = NO;
				ASSETCATALOG_COMPILER_GENERATE_SWIFT_ASSET_SYMBOL_EXTENSIONS = YES;
				CLANG_ANALYZER_NONNULL = YES;
				CLANG_ANALYZER_NUMBER_OBJECT_CONVERSION = YES_AGGRESSIVE;
				CLANG_CXX_LANGUAGE_STANDARD = "gnu++20";
				CLANG_ENABLE_MODULES = YES;
				CLANG_ENABLE_OBJC_ARC = YES;
				CLANG_ENABLE_OBJC_WEAK = YES;
				CLANG_WARN_BLOCK_CAPTURE_AUTORELEASING = YES;
				CLANG_WARN_BOOL_CONVERSION = YES;
				CLANG_WARN_COMMA = YES;
				CLANG_WARN_CONSTANT_CONVERSION = YES;
				CLANG_WARN_DEPRECATED_OBJC_IMPLEMENTATIONS = YES;
				CLANG_WARN_DIRECT_OBJC_ISA_USAGE = YES_ERROR;
				CLANG_WARN_DOCUMENTATION_COMMENTS = YES;
				CLANG_WARN_EMPTY_BODY = YES;
				CLANG_WARN_ENUM_CONVERSION = YES;
				CLANG_WARN_INFINITE_RECURSION = YES;
				CLANG_WARN_INT_CONVERSION = YES;
				CLANG_WARN_NON_LITERAL_NULL_CONVERSION = YES;
				CLANG_WARN_OBJC_IMPLICIT_RETAIN_SELF = YES;
				CLANG_WARN_OBJC_LITERAL_CONVERSION = YES;
				CLANG_WARN_OBJC_ROOT_CLASS = YES_ERROR;
				CLANG_WARN_QUOTED_INCLUDE_IN_FRAMEWORK_HEADER = YES;
				CLANG_WARN_RANGE_LOOP_ANALYSIS = YES;
				CLANG_WARN_STRICT_PROTOTYPES = YES;
				CLANG_WARN_SUSPICIOUS_MOVE = YES;
				CLANG_WARN_UNGUARDED_AVAILABILITY = YES_AGGRESSIVE;
				CLANG_WARN_UNREACHABLE_CODE = YES;
				CLANG_WARN__DUPLICATE_METHOD_MATCH = YES;
				COPY_PHASE_STRIP = NO;
				DEBUG_INFORMATION_FORMAT = dwarf;
				ENABLE_STRICT_OBJC_MSGSEND = YES;
				ENABLE_TESTABILITY = YES;
				ENABLE_USER_SCRIPT_SANDBOXING = YES;
				GCC_C_LANGUAGE_STANDARD = gnu17;
				GCC_DYNAMIC_NO_PIC = NO;
				GCC_NO_COMMON_BLOCKS = YES;
				GCC_OPTIMIZATION_LEVEL = 0;
				GCC_PREPROCESSOR_DEFINITIONS = (
					"DEBUG=1",
					"$(inherited)",
				);
				GCC_WARN_64_TO_32_BIT_CONVERSION = YES;
				GCC_WARN_ABOUT_RETURN_TYPE = YES_ERROR;
				GCC_WARN_UNDECLARED_SELECTOR = YES;
				GCC_WARN_UNINITIALIZED_AUTOS = YES_AGGRESSIVE;
				GCC_WARN_UNUSED_FUNCTION = YES;
				GCC_WARN_UNUSED_VARIABLE = YES;
				IPHONEOS_DEPLOYMENT_TARGET = 18.0;
				LOCALIZATION_PREFERS_STRING_CATALOGS = YES;
				MTL_ENABLE_DEBUG_INFO = INCLUDE_SOURCE;
				MTL_FAST_MATH = YES;
				ONLY_ACTIVE_ARCH = YES;
				SDKROOT = iphoneos;
				SWIFT_ACTIVE_COMPILATION_CONDITIONS = "DEBUG $(inherited)";
				SWIFT_OPTIMIZATION_LEVEL = "-Onone";
			};
			name = Debug;
		};
		06BD0C202CB937090083540E /* Release */ = {
			isa = XCBuildConfiguration;
			buildSettings = {
				ALWAYS_SEARCH_USER_PATHS = NO;
				ASSETCATALOG_COMPILER_GENERATE_SWIFT_ASSET_SYMBOL_EXTENSIONS = YES;
				CLANG_ANALYZER_NONNULL = YES;
				CLANG_ANALYZER_NUMBER_OBJECT_CONVERSION = YES_AGGRESSIVE;
				CLANG_CXX_LANGUAGE_STANDARD = "gnu++20";
				CLANG_ENABLE_MODULES = YES;
				CLANG_ENABLE_OBJC_ARC = YES;
				CLANG_ENABLE_OBJC_WEAK = YES;
				CLANG_WARN_BLOCK_CAPTURE_AUTORELEASING = YES;
				CLANG_WARN_BOOL_CONVERSION = YES;
				CLANG_WARN_COMMA = YES;
				CLANG_WARN_CONSTANT_CONVERSION = YES;
				CLANG_WARN_DEPRECATED_OBJC_IMPLEMENTATIONS = YES;
				CLANG_WARN_DIRECT_OBJC_ISA_USAGE = YES_ERROR;
				CLANG_WARN_DOCUMENTATION_COMMENTS = YES;
				CLANG_WARN_EMPTY_BODY = YES;
				CLANG_WARN_ENUM_CONVERSION = YES;
				CLANG_WARN_INFINITE_RECURSION = YES;
				CLANG_WARN_INT_CONVERSION = YES;
				CLANG_WARN_NON_LITERAL_NULL_CONVERSION = YES;
				CLANG_WARN_OBJC_IMPLICIT_RETAIN_SELF = YES;
				CLANG_WARN_OBJC_LITERAL_CONVERSION = YES;
				CLANG_WARN_OBJC_ROOT_CLASS = YES_ERROR;
				CLANG_WARN_QUOTED_INCLUDE_IN_FRAMEWORK_HEADER = YES;
				CLANG_WARN_RANGE_LOOP_ANALYSIS = YES;
				CLANG_WARN_STRICT_PROTOTYPES = YES;
				CLANG_WARN_SUSPICIOUS_MOVE = YES;
				CLANG_WARN_UNGUARDED_AVAILABILITY = YES_AGGRESSIVE;
				CLANG_WARN_UNREACHABLE_CODE = YES;
				CLANG_WARN__DUPLICATE_METHOD_MATCH = YES;
				COPY_PHASE_STRIP = NO;
				DEBUG_INFORMATION_FORMAT = "dwarf-with-dsym";
				ENABLE_NS_ASSERTIONS = NO;
				ENABLE_STRICT_OBJC_MSGSEND = YES;
				ENABLE_USER_SCRIPT_SANDBOXING = YES;
				GCC_C_LANGUAGE_STANDARD = gnu17;
				GCC_NO_COMMON_BLOCKS = YES;
				GCC_WARN_64_TO_32_BIT_CONVERSION = YES;
				GCC_WARN_ABOUT_RETURN_TYPE = YES_ERROR;
				GCC_WARN_UNDECLARED_SELECTOR = YES;
				GCC_WARN_UNINITIALIZED_AUTOS = YES_AGGRESSIVE;
				GCC_WARN_UNUSED_FUNCTION = YES;
				GCC_WARN_UNUSED_VARIABLE = YES;
				IPHONEOS_DEPLOYMENT_TARGET = 18.0;
				LOCALIZATION_PREFERS_STRING_CATALOGS = YES;
				MTL_ENABLE_DEBUG_INFO = NO;
				MTL_FAST_MATH = YES;
				SDKROOT = iphoneos;
				SWIFT_COMPILATION_MODE = wholemodule;
				VALIDATE_PRODUCT = YES;
			};
			name = Release;
		};
/* End XCBuildConfiguration section */

/* Begin XCConfigurationList section */
		06958F1A2CBAD7C900895527 /* Build configuration list for PBXNativeTarget "Books-iOSTests" */ = {
			isa = XCConfigurationList;
			buildConfigurations = (
				06958F1B2CBAD7C900895527 /* Debug */,
				06958F1C2CBAD7C900895527 /* Release */,
			);
			defaultConfigurationIsVisible = 0;
			defaultConfigurationName = Release;
		};
		06BD0C012CB937070083540E /* Build configuration list for PBXProject "Books-iOS" */ = {
			isa = XCConfigurationList;
			buildConfigurations = (
				06BD0C1F2CB937090083540E /* Debug */,
				06BD0C202CB937090083540E /* Release */,
			);
			defaultConfigurationIsVisible = 0;
			defaultConfigurationName = Release;
		};
		06BD0C1C2CB937090083540E /* Build configuration list for PBXNativeTarget "Books-iOS" */ = {
			isa = XCConfigurationList;
			buildConfigurations = (
				06BD0C1D2CB937090083540E /* Debug */,
				06BD0C1E2CB937090083540E /* Release */,
			);
			defaultConfigurationIsVisible = 0;
			defaultConfigurationName = Release;
		};
/* End XCConfigurationList section */

/* Begin XCVersionGroup section */
		06958EEE2CB9E94300895527 /* Books_iOS.xcdatamodeld */ = {
			isa = XCVersionGroup;
			children = (
				06958EF62CB9E94300895527 /* Books_iOS.xcdatamodel */,
			);
			currentVersion = 06958EF62CB9E94300895527 /* Books_iOS.xcdatamodel */;
			path = Books_iOS.xcdatamodeld;
			sourceTree = "<group>";
			versionGroupType = wrapper.xcdatamodel;
		};
/* End XCVersionGroup section */
	};
	rootObject = 06BD0BFE2CB937070083540E /* Project object */;
}
